
Microsoft Visual Studio Solution File, Format Version 12.00
Project("{FAE04EC0-301F-11D3-BF4B-00C04F79EFBC}") = "Starlight.Framework", "Starlight.Framework\Starlight.Framework.csproj", "{CDD6D78E-508E-41CC-9E16-3A9888CAB694}"
EndProject
Project("{FAE04EC0-301F-11D3-BF4B-00C04F79EFBC}") = "Starlight.Framework.Test", "Starlight.Framework.Test\Starlight.Framework.Test.csproj", "{C40D231C-6E7B-434D-9EAF-27624D2255FE}"
EndProject
Global
	GlobalSection(SolutionConfigurationPlatforms) = preSolution
		Debug|Any CPU = Debug|Any CPU
		Release|Any CPU = Release|Any CPU
	EndGlobalSection
	GlobalSection(ProjectConfigurationPlatforms) = postSolution
		{CDD6D78E-508E-41CC-9E16-3A9888CAB694}.Debug|Any CPU.ActiveCfg = Debug|Any CPU
		{CDD6D78E-508E-41CC-9E16-3A9888CAB694}.Debug|Any CPU.Build.0 = Debug|Any CPU
		{CDD6D78E-508E-41CC-9E16-3A9888CAB694}.Release|Any CPU.ActiveCfg = Release|Any CPU
		{CDD6D78E-508E-41CC-9E16-3A9888CAB694}.Release|Any CPU.Build.0 = Release|Any CPU
		{C40D231C-6E7B-434D-9EAF-27624D2255FE}.Debug|Any CPU.ActiveCfg = Debug|Any CPU
		{C40D231C-6E7B-434D-9EAF-27624D2255FE}.Debug|Any CPU.Build.0 = Debug|Any CPU
		{C40D231C-6E7B-434D-9EAF-27624D2255FE}.Release|Any CPU.ActiveCfg = Release|Any CPU
		{C40D231C-6E7B-434D-9EAF-27624D2255FE}.Release|Any CPU.Build.0 = Release|Any CPU
	EndGlobalSection
EndGlobal
